
Microsoft Visual Studio Solution File, Format Version 12.00
# Visual Studio Version 16
VisualStudioVersion = 16.0.31911.196
MinimumVisualStudioVersion = 10.0.40219.1
Project("{FAE04EC0-301F-11D3-BF4B-00C04F79EFBC}") = "general_test", "general_test.csproj", "{5EF30F27-BA42-4B79-9CE5-8B98EFC5BCBF}"
EndProject
Global
	GlobalSection(SolutionConfigurationPlatforms) = preSolution
		Debug|Any CPU = Debug|Any CPU
		Release|Any CPU = Release|Any CPU
	EndGlobalSection
	GlobalSection(ProjectConfigurationPlatforms) = postSolution
		{5EF30F27-BA42-4B79-9CE5-8B98EFC5BCBF}.Debug|Any CPU.ActiveCfg = Debug|Any CPU
		{5EF30F27-BA42-4B79-9CE5-8B98EFC5BCBF}.Debug|Any CPU.Build.0 = Debug|Any CPU
		{5EF30F27-BA42-4B79-9CE5-8B98EFC5BCBF}.Release|Any CPU.ActiveCfg = Release|Any CPU
		{5EF30F27-BA42-4B79-9CE5-8B98EFC5BCBF}.Release|Any CPU.Build.0 = Release|Any CPU
	EndGlobalSection
	GlobalSection(SolutionProperties) = preSolution
		HideSolutionNode = FALSE
	EndGlobalSection
	GlobalSection(ExtensibilityGlobals) = postSolution
		SolutionGuid = {95B70AD2-EE99-41A3-968E-81435E4E9B17}
	EndGlobalSection
EndGlobal
